
Microsoft Visual Studio Solution File, Format Version 12.00
Project("{FAE04EC0-301F-11D3-BF4B-00C04F79EFBC}") = "ReCoPa", "ReCoPa.csproj", "{E9817656-23DB-4592-BFF0-9CEC6AA6D96F}"
EndProject
Global
	GlobalSection(SolutionConfigurationPlatforms) = preSolution
		Debug|Any CPU = Debug|Any CPU
		Release|Any CPU = Release|Any CPU
	EndGlobalSection
	GlobalSection(ProjectConfigurationPlatforms) = postSolution
		{E9817656-23DB-4592-BFF0-9CEC6AA6D96F}.Debug|Any CPU.ActiveCfg = Debug|Any CPU
		{E9817656-23DB-4592-BFF0-9CEC6AA6D96F}.Debug|Any CPU.Build.0 = Debug|Any CPU
		{E9817656-23DB-4592-BFF0-9CEC6AA6D96F}.Release|Any CPU.ActiveCfg = Release|Any CPU
		{E9817656-23DB-4592-BFF0-9CEC6AA6D96F}.Release|Any CPU.Build.0 = Release|Any CPU
	EndGlobalSection
EndGlobal
